
Microsoft Visual Studio Solution File, Format Version 12.00
# Visual Studio Version 16
VisualStudioVersion = 16.0.31129.286
MinimumVisualStudioVersion = 10.0.40219.1
Project("{9A19103F-16F7-4668-BE54-9A1E7A4F7556}") = "Assistant", "Assistant\Assistant.csproj", "{29D08C13-9B02-4B44-A226-49151CC6D33E}"
EndProject
Project("{9A19103F-16F7-4668-BE54-9A1E7A4F7556}") = "Common", "Common\Common.csproj", "{B3922413-5044-48D1-B65C-DE57AFDB3671}"
EndProject
Project("{9A19103F-16F7-4668-BE54-9A1E7A4F7556}") = "Server", "Server\Server.csproj", "{F7DEBD4D-2E38-4890-8A5C-D71072D0DF05}"
EndProject
Project("{9A19103F-16F7-4668-BE54-9A1E7A4F7556}") = "ValidationTest", "ValidationTest\ValidationTest.csproj", "{28B3322B-9A89-4589-8E0A-EA17712B80BF}"
EndProject
Project("{FAE04EC0-301F-11D3-BF4B-00C04F79EFBC}") = "Physician", "Physician\Physician.csproj", "{15A2E041-80DE-44F3-9D79-D37B4D89D091}"
EndProject
Global
	GlobalSection(SolutionConfigurationPlatforms) = preSolution
		Debug|Any CPU = Debug|Any CPU
		Release|Any CPU = Release|Any CPU
	EndGlobalSection
	GlobalSection(ProjectConfigurationPlatforms) = postSolution
		{29D08C13-9B02-4B44-A226-49151CC6D33E}.Debug|Any CPU.ActiveCfg = Debug|Any CPU
		{29D08C13-9B02-4B44-A226-49151CC6D33E}.Debug|Any CPU.Build.0 = Debug|Any CPU
		{29D08C13-9B02-4B44-A226-49151CC6D33E}.Release|Any CPU.ActiveCfg = Release|Any CPU
		{29D08C13-9B02-4B44-A226-49151CC6D33E}.Release|Any CPU.Build.0 = Release|Any CPU
		{B3922413-5044-48D1-B65C-DE57AFDB3671}.Debug|Any CPU.ActiveCfg = Debug|Any CPU
		{B3922413-5044-48D1-B65C-DE57AFDB3671}.Debug|Any CPU.Build.0 = Debug|Any CPU
		{B3922413-5044-48D1-B65C-DE57AFDB3671}.Release|Any CPU.ActiveCfg = Release|Any CPU
		{B3922413-5044-48D1-B65C-DE57AFDB3671}.Release|Any CPU.Build.0 = Release|Any CPU
		{F7DEBD4D-2E38-4890-8A5C-D71072D0DF05}.Debug|Any CPU.ActiveCfg = Debug|Any CPU
		{F7DEBD4D-2E38-4890-8A5C-D71072D0DF05}.Debug|Any CPU.Build.0 = Debug|Any CPU
		{F7DEBD4D-2E38-4890-8A5C-D71072D0DF05}.Release|Any CPU.ActiveCfg = Release|Any CPU
		{F7DEBD4D-2E38-4890-8A5C-D71072D0DF05}.Release|Any CPU.Build.0 = Release|Any CPU
		{28B3322B-9A89-4589-8E0A-EA17712B80BF}.Debug|Any CPU.ActiveCfg = Debug|Any CPU
		{28B3322B-9A89-4589-8E0A-EA17712B80BF}.Debug|Any CPU.Build.0 = Debug|Any CPU
		{28B3322B-9A89-4589-8E0A-EA17712B80BF}.Release|Any CPU.ActiveCfg = Release|Any CPU
		{28B3322B-9A89-4589-8E0A-EA17712B80BF}.Release|Any CPU.Build.0 = Release|Any CPU
		{15A2E041-80DE-44F3-9D79-D37B4D89D091}.Debug|Any CPU.ActiveCfg = Debug|Any CPU
		{15A2E041-80DE-44F3-9D79-D37B4D89D091}.Debug|Any CPU.Build.0 = Debug|Any CPU
		{15A2E041-80DE-44F3-9D79-D37B4D89D091}.Release|Any CPU.ActiveCfg = Release|Any CPU
		{15A2E041-80DE-44F3-9D79-D37B4D89D091}.Release|Any CPU.Build.0 = Release|Any CPU
	EndGlobalSection
	GlobalSection(SolutionProperties) = preSolution
		HideSolutionNode = FALSE
	EndGlobalSection
	GlobalSection(ExtensibilityGlobals) = postSolution
		SolutionGuid = {A419EEBF-8754-4C2B-ADE0-AF5FEE23D787}
	EndGlobalSection
EndGlobal
